{
  "requires": true,
  "lockfileVersion": 1,
  "dependencies": {
    "ts-postgres": {
      "version": "1.2.1",
      "resolved": "https://registry.npmjs.org/ts-postgres/-/ts-postgres-1.2.1.tgz",
      "integrity": "sha512-5cCIdGMMlX8g+cFs0DFykLKyTmPvJ9gCv5TR13R90Azz8gzEtugYq6gKm5glBXF66gtvsP/lUashU5akfQsFaA==",
      "requires": {
        "ts-typed-events": "^2.0.1"
      }
    },
    "ts-typed-events": {
      "version": "2.0.1",
      "resolved": "https://registry.npmjs.org/ts-typed-events/-/ts-typed-events-2.0.1.tgz",
      "integrity": "sha512-7V+vCn52mZVSe+udf0L2SRkvs8BquF7xOtVktJsiyz3IGgcAhHwp3aetPcrxT5Xq23Bb/tBX0azQ6BBvPVytZg=="
    }
  }
}
